
Microsoft Visual Studio Solution File, Format Version 12.00
# Visual Studio Version 16
VisualStudioVersion = 16.0.30611.23
MinimumVisualStudioVersion = 10.0.40219.1
Project("{FAE04EC0-301F-11D3-BF4B-00C04F79EFBC}") = "teste", "teste\teste.csproj", "{28DF66F5-0146-4404-A509-122ADB9DE44B}"
EndProject
Global
	GlobalSection(SolutionConfigurationPlatforms) = preSolution
		Debug|Any CPU = Debug|Any CPU
		Release|Any CPU = Release|Any CPU
	EndGlobalSection
	GlobalSection(ProjectConfigurationPlatforms) = postSolution
		{28DF66F5-0146-4404-A509-122ADB9DE44B}.Debug|Any CPU.ActiveCfg = Debug|Any CPU
		{28DF66F5-0146-4404-A509-122ADB9DE44B}.Debug|Any CPU.Build.0 = Debug|Any CPU
		{28DF66F5-0146-4404-A509-122ADB9DE44B}.Release|Any CPU.ActiveCfg = Release|Any CPU
		{28DF66F5-0146-4404-A509-122ADB9DE44B}.Release|Any CPU.Build.0 = Release|Any CPU
	EndGlobalSection
	GlobalSection(SolutionProperties) = preSolution
		HideSolutionNode = FALSE
	EndGlobalSection
	GlobalSection(ExtensibilityGlobals) = postSolution
		SolutionGuid = {E908F28B-FB17-4160-87BD-AD9D27B97C5A}
	EndGlobalSection
EndGlobal
